// !$*UTF8*$!
{
	archiveVersion = 1;
	classes = {
	};
	objectVersion = 46;
	objects = {

/* Begin PBXBuildFile section */
		BD2321891EA1AEF800D80EAA /* AppDelegate.swift in Sources */ = {isa = PBXBuildFile; fileRef = BD2321881EA1AEF800D80EAA /* AppDelegate.swift */; };
		BD23218B1EA1AEF800D80EAA /* ViewController.swift in Sources */ = {isa = PBXBuildFile; fileRef = BD23218A1EA1AEF800D80EAA /* ViewController.swift */; };
		BD23218E1EA1AEF900D80EAA /* Main.storyboard in Resources */ = {isa = PBXBuildFile; fileRef = BD23218C1EA1AEF800D80EAA /* Main.storyboard */; };
		BD2321911EA1AEF900D80EAA /* ProjectUnihelp.xcdatamodeld in Sources */ = {isa = PBXBuildFile; fileRef = BD23218F1EA1AEF900D80EAA /* ProjectUnihelp.xcdatamodeld */; };
		BD2321931EA1AEF900D80EAA /* Assets.xcassets in Resources */ = {isa = PBXBuildFile; fileRef = BD2321921EA1AEF900D80EAA /* Assets.xcassets */; };
		BD2321961EA1AEF900D80EAA /* LaunchScreen.storyboard in Resources */ = {isa = PBXBuildFile; fileRef = BD2321941EA1AEF900D80EAA /* LaunchScreen.storyboard */; };
/* End PBXBuildFile section */

/* Begin PBXFileReference section */
		BD2321851EA1AEF800D80EAA /* ProjectUnihelp.app */ = {isa = PBXFileReference; explicitFileType = wrapper.application; includeInIndex = 0; path = ProjectUnihelp.app; sourceTree = BUILT_PRODUCTS_DIR; };
		BD2321881EA1AEF800D80EAA /* AppDelegate.swift */ = {isa = PBXFileReference; lastKnownFileType = sourcecode.swift; path = AppDelegate.swift; sourceTree = "<group>"; };
		BD23218A1EA1AEF800D80EAA /* ViewController.swift */ = {isa = PBXFileReference; lastKnownFileType = sourcecode.swift; path = ViewController.swift; sourceTree = "<group>"; };
		BD23218D1EA1AEF800D80EAA /* Base */ = {isa = PBXFileReference; lastKnownFileType = file.storyboard; name = Base; path = Base.lproj/Main.storyboard; sourceTree = "<group>"; };
		BD2321901EA1AEF900D80EAA /* ProjectUnihelp.xcdatamodel */ = {isa = PBXFileReference; lastKnownFileType = wrapper.xcdatamodel; path = ProjectUnihelp.xcdatamodel; sourceTree = "<group>"; };
		BD2321921EA1AEF900D80EAA /* Assets.xcassets */ = {isa = PBXFileReference; lastKnownFileType = folder.assetcatalog; path = Assets.xcassets; sourceTree = "<group>"; };
		BD2321951EA1AEF900D80EAA /* Base */ = {isa = PBXFileReference; lastKnownFileType = file.storyboard; name = Base; path = Base.lproj/LaunchScreen.storyboard; sourceTree = "<group>"; };
		BD2321971EA1AEF900D80EAA /* Info.plist */ = {isa = PBXFileReference; lastKnownFileType = text.plist.xml; path = Info.plist; sourceTree = "<group>"; };
/* End PBXFileReference section */

/* Begin PBXFrameworksBuildPhase section */
		BD2321821EA1AEF800D80EAA /* Frameworks */ = {
			isa = PBXFrameworksBuildPhase;
			buildActionMask = 2147483647;
			files = (
			);
			runOnlyForDeploymentPostprocessing = 0;
		};
/* End PBXFrameworksBuildPhase section */

/* Begin PBXGroup section */
		BD23217C1EA1AEF800D80EAA = {
			isa = PBXGroup;
			children = (
				BD2321871EA1AEF800D80EAA /* ProjectUnihelp */,
				BD2321861EA1AEF800D80EAA /* Products */,
			);
			sourceTree = "<group>";
		};
		BD2321861EA1AEF800D80EAA /* Products */ = {
			isa = PBXGroup;
			children = (
				BD2321851EA1AEF800D80EAA /* ProjectUnihelp.app */,
			);
			name = Products;
			sourceTree = "<group>";
		};
		BD2321871EA1AEF800D80EAA /* ProjectUnihelp */ = {
			isa = PBXGroup;
			children = (
				BD2321881EA1AEF800D80EAA /* AppDelegate.swift */,
				BD23218A1EA1AEF800D80EAA /* ViewController.swift */,
				BD23218C1EA1AEF800D80EAA /* Main.storyboard */,
				BD2321921EA1AEF900D80EAA /* Assets.xcassets */,
				BD2321941EA1AEF900D80EAA /* LaunchScreen.storyboard */,
				BD2321971EA1AEF900D80EAA /* Info.plist */,
				BD23218F1EA1AEF900D80EAA /* ProjectUnihelp.xcdatamodeld */,
			);
			path = ProjectUnihelp;
			sourceTree = "<group>";
		};
/* End PBXGroup section */

/* Begin PBXNativeTarget section */
		BD2321841EA1AEF800D80EAA /* ProjectUnihelp */ = {
			isa = PBXNativeTarget;
			buildConfigurationList = BD23219A1EA1AEF900D80EAA /* Build configuration list for PBXNativeTarget "ProjectUnihelp" */;
			buildPhases = (
				BD2321811EA1AEF800D80EAA /* Sources */,
				BD2321821EA1AEF800D80EAA /* Frameworks */,
				BD2321831EA1AEF800D80EAA /* Resources */,
			);
			buildRules = (
			);
			dependencies = (
			);
			name = ProjectUnihelp;
			productName = ProjectUnihelp;
			productReference = BD2321851EA1AEF800D80EAA /* ProjectUnihelp.app */;
			productType = "com.apple.product-type.application";
		};
/* End PBXNativeTarget section */

/* Begin PBXProject section */
		BD23217D1EA1AEF800D80EAA /* Project object */ = {
			isa = PBXProject;
			attributes = {
				LastSwiftUpdateCheck = 0730;
				LastUpgradeCheck = 0730;
				ORGANIZATIONNAME = "Project Cherry";
				TargetAttributes = {
					BD2321841EA1AEF800D80EAA = {
						CreatedOnToolsVersion = 7.3.1;
						DevelopmentTeam = C9Q78X9Z3M;
					};
				};
			};
			buildConfigurationList = BD2321801EA1AEF800D80EAA /* Build configuration list for PBXProject "ProjectUnihelp" */;
			compatibilityVersion = "Xcode 3.2";
			developmentRegion = English;
			hasScannedForEncodings = 0;
			knownRegions = (
				en,
				Base,
			);
			mainGroup = BD23217C1EA1AEF800D80EAA;
			productRefGroup = BD2321861EA1AEF800D80EAA /* Products */;
			projectDirPath = "";
			projectRoot = "";
			targets = (
				BD2321841EA1AEF800D80EAA /* ProjectUnihelp */,
			);
		};
/* End PBXProject section */

/* Begin PBXResourcesBuildPhase section */
		BD2321831EA1AEF800D80EAA /* Resources */ = {
			isa = PBXResourcesBuildPhase;
			buildActionMask = 2147483647;
			files = (
				BD2321961EA1AEF900D80EAA /* LaunchScreen.storyboard in Resources */,
				BD2321931EA1AEF900D80EAA /* Assets.xcassets in Resources */,
				BD23218E1EA1AEF900D80EAA /* Main.storyboard in Resources */,
			);
			runOnlyForDeploymentPostprocessing = 0;
		};
/* End PBXResourcesBuildPhase section */

/* Begin PBXSourcesBuildPhase section */
		BD2321811EA1AEF800D80EAA /* Sources */ = {
			isa = PBXSourcesBuildPhase;
			buildActionMask = 2147483647;
			files = (
				BD2321911EA1AEF900D80EAA /* ProjectUnihelp.xcdatamodeld in Sources */,
				BD23218B1EA1AEF800D80EAA /* ViewController.swift in Sources */,
				BD2321891EA1AEF800D80EAA /* AppDelegate.swift in Sources */,
			);
			runOnlyForDeploymentPostprocessing = 0;
		};
/* End PBXSourcesBuildPhase section */

/* Begin PBXVariantGroup section */
		BD23218C1EA1AEF800D80EAA /* Main.storyboard */ = {
			isa = PBXVariantGroup;
			children = (
				BD23218D1EA1AEF800D80EAA /* Base */,
			);
			name = Main.storyboard;
			sourceTree = "<group>";
		};
		BD2321941EA1AEF900D80EAA /* LaunchScreen.storyboard */ = {
			isa = PBXVariantGroup;
			children = (
				BD2321951EA1AEF900D80EAA /* Base */,
			);
			name = LaunchScreen.storyboard;
			sourceTree = "<group>";
		};
/* End PBXVariantGroup section */

/* Begin XCBuildConfiguration section */
		BD2321981EA1AEF900D80EAA /* Debug */ = {
			isa = XCBuildConfiguration;
			buildSettings = {
				ALWAYS_SEARCH_USER_PATHS = NO;
				CLANG_ANALYZER_NONNULL = YES;
				CLANG_CXX_LANGUAGE_STANDARD = "gnu++0x";
				CLANG_CXX_LIBRARY = "libc++";
				CLANG_ENABLE_MODULES = YES;
				CLANG_ENABLE_OBJC_ARC = YES;
				CLANG_WARN_BOOL_CONVERSION = YES;
				CLANG_WARN_CONSTANT_CONVERSION = YES;
				CLANG_WARN_DIRECT_OBJC_ISA_USAGE = YES_ERROR;
				CLANG_WARN_EMPTY_BODY = YES;
				CLANG_WARN_ENUM_CONVERSION = YES;
				CLANG_WARN_INT_CONVERSION = YES;
				CLANG_WARN_OBJC_ROOT_CLASS = YES_ERROR;
				CLANG_WARN_UNREACHABLE_CODE = YES;
				CLANG_WARN__DUPLICATE_METHOD_MATCH = YES;
				"CODE_SIGN_IDENTITY[sdk=iphoneos*]" = "iPhone Developer";
				COPY_PHASE_STRIP = NO;
				DEBUG_INFORMATION_FORMAT = dwarf;
				ENABLE_STRICT_OBJC_MSGSEND = YES;
				ENABLE_TESTABILITY = YES;
				GCC_C_LANGUAGE_STANDARD = gnu99;
				GCC_DYNAMIC_NO_PIC = NO;
				GCC_NO_COMMON_BLOCKS = YES;
				GCC_OPTIMIZATION_LEVEL = 0;
				GCC_PREPROCESSOR_DEFINITIONS = (
					"DEBUG=1",
					"$(inherited)",
				);
				GCC_WARN_64_TO_32_BIT_CONVERSION = YES;
				GCC_WARN_ABOUT_RETURN_TYPE = YES_ERROR;
				GCC_WARN_UNDECLARED_SELECTOR = YES;
				GCC_WARN_UNINITIALIZED_AUTOS = YES_AGGRESSIVE;
				GCC_WARN_UNUSED_FUNCTION = YES;
				GCC_WARN_UNUSED_VARIABLE = YES;
				IPHONEOS_DEPLOYMENT_TARGET = 9.3;
				MTL_ENABLE_DEBUG_INFO = YES;
				ONLY_ACTIVE_ARCH = YES;
				SDKROOT = iphoneos;
				SWIFT_OPTIMIZATION_LEVEL = "-Onone";
			};
			name = Debug;
		};
		BD2321991EA1AEF900D80EAA /* Release */ = {
			isa = XCBuildConfiguration;
			buildSettings = {
				ALWAYS_SEARCH_USER_PATHS = NO;
				CLANG_ANALYZER_NONNULL = YES;
				CLANG_CXX_LANGUAGE_STANDARD = "gnu++0x";
				CLANG_CXX_LIBRARY = "libc++";
				CLANG_ENABLE_MODULES = YES;
				CLANG_ENABLE_OBJC_ARC = YES;
				CLANG_WARN_BOOL_CONVERSION = YES;
				CLANG_WARN_CONSTANT_CONVERSION = YES;
				CLANG_WARN_DIRECT_OBJC_ISA_USAGE = YES_ERROR;
				CLANG_WARN_EMPTY_BODY = YES;
				CLANG_WARN_ENUM_CONVERSION = YES;
				CLANG_WARN_INT_CONVERSION = YES;
				CLANG_WARN_OBJC_ROOT_CLASS = YES_ERROR;
				CLANG_WARN_UNREACHABLE_CODE = YES;
				CLANG_WARN__DUPLICATE_METHOD_MATCH = YES;
				"CODE_SIGN_IDENTITY[sdk=iphoneos*]" = "iPhone Developer";
				COPY_PHASE_STRIP = NO;
				DEBUG_INFORMATION_FORMAT = "dwarf-with-dsym";
				ENABLE_NS_ASSERTIONS = NO;
				ENABLE_STRICT_OBJC_MSGSEND = YES;
				GCC_C_LANGUAGE_STANDARD = gnu99;
				GCC_NO_COMMON_BLOCKS = YES;
				GCC_WARN_64_TO_32_BIT_CONVERSION = YES;
				GCC_WARN_ABOUT_RETURN_TYPE = YES_ERROR;
				GCC_WARN_UNDECLARED_SELECTOR = YES;
				GCC_WARN_UNINITIALIZED_AUTOS = YES_AGGRESSIVE;
				GCC_WARN_UNUSED_FUNCTION = YES;
				GCC_WARN_UNUSED_VARIABLE = YES;
				IPHONEOS_DEPLOYMENT_TARGET = 9.3;
				MTL_ENABLE_DEBUG_INFO = NO;
				SDKROOT = iphoneos;
				VALIDATE_PRODUCT = YES;
			};
			name = Release;
		};
		BD23219B1EA1AEF900D80EAA /* Debug */ = {
			isa = XCBuildConfiguration;
			buildSettings = {
				ASSETCATALOG_COMPILER_APPICON_NAME = AppIcon;
				INFOPLIST_FILE = ProjectUnihelp/Info.plist;
				LD_RUNPATH_SEARCH_PATHS = "$(inherited) @executable_path/Frameworks";
				PRODUCT_BUNDLE_IDENTIFIER = cherry.ProjectUnihelp;
				PRODUCT_NAME = "$(TARGET_NAME)";
			};
			name = Debug;
		};
		BD23219C1EA1AEF900D80EAA /* Release */ = {
			isa = XCBuildConfiguration;
			buildSettings = {
				ASSETCATALOG_COMPILER_APPICON_NAME = AppIcon;
				INFOPLIST_FILE = ProjectUnihelp/Info.plist;
				LD_RUNPATH_SEARCH_PATHS = "$(inherited) @executable_path/Frameworks";
				PRODUCT_BUNDLE_IDENTIFIER = cherry.ProjectUnihelp;
				PRODUCT_NAME = "$(TARGET_NAME)";
			};
			name = Release;
		};
/* End XCBuildConfiguration section */

/* Begin XCConfigurationList section */
		BD2321801EA1AEF800D80EAA /* Build configuration list for PBXProject "ProjectUnihelp" */ = {
			isa = XCConfigurationList;
			buildConfigurations = (
				BD2321981EA1AEF900D80EAA /* Debug */,
				BD2321991EA1AEF900D80EAA /* Release */,
			);
			defaultConfigurationIsVisible = 0;
			defaultConfigurationName = Release;
		};
		BD23219A1EA1AEF900D80EAA /* Build configuration list for PBXNativeTarget "ProjectUnihelp" */ = {
			isa = XCConfigurationList;
			buildConfigurations = (
				BD23219B1EA1AEF900D80EAA /* Debug */,
				BD23219C1EA1AEF900D80EAA /* Release */,
			);
			defaultConfigurationIsVisible = 0;
		};
/* End XCConfigurationList section */

/* Begin XCVersionGroup section */
		BD23218F1EA1AEF900D80EAA /* ProjectUnihelp.xcdatamodeld */ = {
			isa = XCVersionGroup;
			children = (
				BD2321901EA1AEF900D80EAA /* ProjectUnihelp.xcdatamodel */,
			);
			currentVersion = BD2321901EA1AEF900D80EAA /* ProjectUnihelp.xcdatamodel */;
			path = ProjectUnihelp.xcdatamodeld;
			sourceTree = "<group>";
			versionGroupType = wrapper.xcdatamodel;
		};
/* End XCVersionGroup section */
	};
	rootObject = BD23217D1EA1AEF800D80EAA /* Project object */;
}
